
Microsoft Visual Studio Solution File, Format Version 12.00
# Visual Studio Version 16
VisualStudioVersion = 16.0.30114.105
MinimumVisualStudioVersion = 10.0.40219.1
Project("{2150E333-8FDC-42A3-9474-1A3956D46DE8}") = "Core", "Core", "{539AC2FD-4171-4A67-8780-C96456F23BB3}"
EndProject
Project("{2150E333-8FDC-42A3-9474-1A3956D46DE8}") = "Persistence", "Persistence", "{225159B1-0198-489A-A113-42ABA9D870DD}"
EndProject
Project("{2150E333-8FDC-42A3-9474-1A3956D46DE8}") = "UI", "UI", "{D1AC313E-A957-47D2-A9EF-8BAB2EAFB475}"
EndProject
Project("{FAE04EC0-301F-11D3-BF4B-00C04F79EFBC}") = "GoalLessMeat", "UI\GoalLessMeat\GoalLessMeat.csproj", "{FEA6B260-FBAF-41C7-BAF9-742A2E7239E8}"
EndProject
Project("{FAE04EC0-301F-11D3-BF4B-00C04F79EFBC}") = "GoalLessMeat.Domain", "Core\GoalLessMeat.Domain\GoalLessMeat.Domain.csproj", "{233B0A4B-7F89-4805-AD98-B6B9F6690D64}"
EndProject
Global
	GlobalSection(SolutionConfigurationPlatforms) = preSolution
		Debug|Any CPU = Debug|Any CPU
		Release|Any CPU = Release|Any CPU
	EndGlobalSection
	GlobalSection(SolutionProperties) = preSolution
		HideSolutionNode = FALSE
	EndGlobalSection
	GlobalSection(ProjectConfigurationPlatforms) = postSolution
		{FEA6B260-FBAF-41C7-BAF9-742A2E7239E8}.Debug|Any CPU.ActiveCfg = Debug|Any CPU
		{FEA6B260-FBAF-41C7-BAF9-742A2E7239E8}.Debug|Any CPU.Build.0 = Debug|Any CPU
		{FEA6B260-FBAF-41C7-BAF9-742A2E7239E8}.Release|Any CPU.ActiveCfg = Release|Any CPU
		{FEA6B260-FBAF-41C7-BAF9-742A2E7239E8}.Release|Any CPU.Build.0 = Release|Any CPU
		{233B0A4B-7F89-4805-AD98-B6B9F6690D64}.Debug|Any CPU.ActiveCfg = Debug|Any CPU
		{233B0A4B-7F89-4805-AD98-B6B9F6690D64}.Debug|Any CPU.Build.0 = Debug|Any CPU
		{233B0A4B-7F89-4805-AD98-B6B9F6690D64}.Release|Any CPU.ActiveCfg = Release|Any CPU
		{233B0A4B-7F89-4805-AD98-B6B9F6690D64}.Release|Any CPU.Build.0 = Release|Any CPU
	EndGlobalSection
	GlobalSection(NestedProjects) = preSolution
		{FEA6B260-FBAF-41C7-BAF9-742A2E7239E8} = {D1AC313E-A957-47D2-A9EF-8BAB2EAFB475}
		{233B0A4B-7F89-4805-AD98-B6B9F6690D64} = {539AC2FD-4171-4A67-8780-C96456F23BB3}
	EndGlobalSection
EndGlobal
